<Solution>
  <Folder Name="/src/" />
  <Folder Name="/src/Application/">
    <Project Path="src/Application/Hotline.Application.csproj" />
  </Folder>
  <Folder Name="/src/Domain/">
    <Project Path="src/Domain/Hotline.Domain.csproj" />
  </Folder>
  <Folder Name="/src/Infrastructure/">
    <Project Path="src/Infrastructure/Hotline.Infrastructure.csproj" />
  </Folder>
  <Folder Name="/src/Tools/" />
  <Folder Name="/src/Tools/Database/" />
  <Folder Name="/src/Tools/Database/Migration/">
    <Project Path="src/Tools/Database/Migration/Hotline.Tool.Migrations.csproj" />
  </Folder>
  <Folder Name="/src/WebApi/">
    <Project Path="src/WebApi/Hotline.WebApi.csproj" />
  </Folder>
</Solution>
